
Microsoft Visual Studio Solution File, Format Version 12.00
# Visual Studio Version 17
VisualStudioVersion = 17.12.35707.178
MinimumVisualStudioVersion = 10.0.40219.1
Project("{FAE04EC0-301F-11D3-BF4B-00C04F79EFBC}") = "ICT1.4_AI_Vision_Api", "ICT1.4_AI_Vision_Api.csproj", "{DE089466-84A1-45CF-A786-558DE34237F8}"
EndProject
Project("{FAE04EC0-301F-11D3-BF4B-00C04F79EFBC}") = "ICT1.4-Api-Tests", "..\ICT1.4-Api-Tests\ICT1.4-Api-Tests.csproj", "{B4AB03B0-E138-4759-A89B-3DB16E6D350D}"
EndProject
Global
	GlobalSection(SolutionConfigurationPlatforms) = preSolution
		Debug|Any CPU = Debug|Any CPU
		Release|Any CPU = Release|Any CPU
	EndGlobalSection
	GlobalSection(ProjectConfigurationPlatforms) = postSolution
		{DE089466-84A1-45CF-A786-558DE34237F8}.Debug|Any CPU.ActiveCfg = Debug|Any CPU
		{DE089466-84A1-45CF-A786-558DE34237F8}.Debug|Any CPU.Build.0 = Debug|Any CPU
		{DE089466-84A1-45CF-A786-558DE34237F8}.Release|Any CPU.ActiveCfg = Release|Any CPU
		{DE089466-84A1-45CF-A786-558DE34237F8}.Release|Any CPU.Build.0 = Release|Any CPU
		{B4AB03B0-E138-4759-A89B-3DB16E6D350D}.Debug|Any CPU.ActiveCfg = Debug|Any CPU
		{B4AB03B0-E138-4759-A89B-3DB16E6D350D}.Debug|Any CPU.Build.0 = Debug|Any CPU
		{B4AB03B0-E138-4759-A89B-3DB16E6D350D}.Release|Any CPU.ActiveCfg = Release|Any CPU
		{B4AB03B0-E138-4759-A89B-3DB16E6D350D}.Release|Any CPU.Build.0 = Release|Any CPU
	EndGlobalSection
	GlobalSection(SolutionProperties) = preSolution
		HideSolutionNode = FALSE
	EndGlobalSection
EndGlobal
